
Microsoft Visual Studio Solution File, Format Version 12.00
# Visual Studio 15
VisualStudioVersion = 15.0.28307.271
MinimumVisualStudioVersion = 10.0.40219.1
Project("{FAE04EC0-301F-11D3-BF4B-00C04F79EFBC}") = "AnimalShelter", "AnimalShelter\AnimalShelter.csproj", "{1D4FD5CC-6F3F-4259-8F48-18B25C9301FB}"
EndProject
Global
	GlobalSection(SolutionConfigurationPlatforms) = preSolution
		Debug|x86 = Debug|x86
		Release|x86 = Release|x86
	EndGlobalSection
	GlobalSection(ProjectConfigurationPlatforms) = postSolution
		{1D4FD5CC-6F3F-4259-8F48-18B25C9301FB}.Debug|x86.ActiveCfg = Debug|Any CPU
		{1D4FD5CC-6F3F-4259-8F48-18B25C9301FB}.Debug|x86.Build.0 = Debug|Any CPU
		{1D4FD5CC-6F3F-4259-8F48-18B25C9301FB}.Release|x86.ActiveCfg = Release|x86
		{1D4FD5CC-6F3F-4259-8F48-18B25C9301FB}.Release|x86.Build.0 = Release|x86
	EndGlobalSection
	GlobalSection(SolutionProperties) = preSolution
		HideSolutionNode = FALSE
	EndGlobalSection
	GlobalSection(ExtensibilityGlobals) = postSolution
		SolutionGuid = {AACD2560-01F8-49D1-A1D1-E2F6ECD31979}
	EndGlobalSection
EndGlobal
