
Microsoft Visual Studio Solution File, Format Version 12.00
# Visual Studio 15
VisualStudioVersion = 15.0.28307.271
MinimumVisualStudioVersion = 10.0.40219.1
Project("{FAE04EC0-301F-11D3-BF4B-00C04F79EFBC}") = "Opdracht 3", "Opdracht 3\Opdracht 3.csproj", "{A8A54CD8-AE29-4000-B80A-447CFB53D611}"
EndProject
Global
	GlobalSection(SolutionConfigurationPlatforms) = preSolution
		Debug|Any CPU = Debug|Any CPU
		Release|Any CPU = Release|Any CPU
	EndGlobalSection
	GlobalSection(ProjectConfigurationPlatforms) = postSolution
		{A8A54CD8-AE29-4000-B80A-447CFB53D611}.Debug|Any CPU.ActiveCfg = Debug|Any CPU
		{A8A54CD8-AE29-4000-B80A-447CFB53D611}.Debug|Any CPU.Build.0 = Debug|Any CPU
		{A8A54CD8-AE29-4000-B80A-447CFB53D611}.Release|Any CPU.ActiveCfg = Release|Any CPU
		{A8A54CD8-AE29-4000-B80A-447CFB53D611}.Release|Any CPU.Build.0 = Release|Any CPU
	EndGlobalSection
	GlobalSection(SolutionProperties) = preSolution
		HideSolutionNode = FALSE
	EndGlobalSection
	GlobalSection(ExtensibilityGlobals) = postSolution
		SolutionGuid = {BF6DCFF1-4AC6-4E2F-85D5-0EF4D03482F3}
	EndGlobalSection
EndGlobal
