
Microsoft Visual Studio Solution File, Format Version 12.00
# Visual Studio 15
VisualStudioVersion = 15.0.28307.271
MinimumVisualStudioVersion = 10.0.40219.1
Project("{FAE04EC0-301F-11D3-BF4B-00C04F79EFBC}") = "Week 4  opdracht 4", "Week 4  opdracht 4\Week 4  opdracht 4.csproj", "{1DD4360A-DA77-4E8F-8257-9A9664EDE692}"
EndProject
Project("{FAE04EC0-301F-11D3-BF4B-00C04F79EFBC}") = "Testing", "Testing\Testing.csproj", "{BA40506C-43B6-46D7-B455-2A1C2C67AD01}"
EndProject
Global
	GlobalSection(SolutionConfigurationPlatforms) = preSolution
		Debug|Any CPU = Debug|Any CPU
		Release|Any CPU = Release|Any CPU
	EndGlobalSection
	GlobalSection(ProjectConfigurationPlatforms) = postSolution
		{1DD4360A-DA77-4E8F-8257-9A9664EDE692}.Debug|Any CPU.ActiveCfg = Debug|Any CPU
		{1DD4360A-DA77-4E8F-8257-9A9664EDE692}.Debug|Any CPU.Build.0 = Debug|Any CPU
		{1DD4360A-DA77-4E8F-8257-9A9664EDE692}.Release|Any CPU.ActiveCfg = Release|Any CPU
		{1DD4360A-DA77-4E8F-8257-9A9664EDE692}.Release|Any CPU.Build.0 = Release|Any CPU
		{BA40506C-43B6-46D7-B455-2A1C2C67AD01}.Debug|Any CPU.ActiveCfg = Debug|Any CPU
		{BA40506C-43B6-46D7-B455-2A1C2C67AD01}.Debug|Any CPU.Build.0 = Debug|Any CPU
		{BA40506C-43B6-46D7-B455-2A1C2C67AD01}.Release|Any CPU.ActiveCfg = Release|Any CPU
		{BA40506C-43B6-46D7-B455-2A1C2C67AD01}.Release|Any CPU.Build.0 = Release|Any CPU
	EndGlobalSection
	GlobalSection(SolutionProperties) = preSolution
		HideSolutionNode = FALSE
	EndGlobalSection
	GlobalSection(ExtensibilityGlobals) = postSolution
		SolutionGuid = {28D9F95B-5C6B-4AA4-9D8A-EF3C1AB33CA7}
	EndGlobalSection
EndGlobal
